
Microsoft Visual Studio Solution File, Format Version 12.00
# Visual Studio Version 16
VisualStudioVersion = 16.0.31205.134
MinimumVisualStudioVersion = 10.0.40219.1
Project("{FAE04EC0-301F-11D3-BF4B-00C04F79EFBC}") = "EgyszeruCseres", "EgyszeruCseres\EgyszeruCseres.csproj", "{0D6D9BF8-918E-4B50-86D4-5A091E5B1FEF}"
EndProject
Project("{FAE04EC0-301F-11D3-BF4B-00C04F79EFBC}") = "Buborek", "Buborek\Buborek.csproj", "{A146D7C5-F8A1-48E9-ABE0-B4210F164A4C}"
EndProject
Project("{FAE04EC0-301F-11D3-BF4B-00C04F79EFBC}") = "JavitottBuborek", "JavitottBuborek\JavitottBuborek.csproj", "{253CCD32-8634-49B2-9A69-CCFC21808C52}"
EndProject
Project("{FAE04EC0-301F-11D3-BF4B-00C04F79EFBC}") = "Beszuro", "Beszuro\Beszuro.csproj", "{31B6D3F0-95EA-4F3A-BD61-EF43D58BC5BC}"
EndProject
Project("{FAE04EC0-301F-11D3-BF4B-00C04F79EFBC}") = "JavitottBeszuro", "JavitottBeszuro\JavitottBeszuro.csproj", "{BE2CF652-D9EA-4196-A3D5-2D9B1E7F5C87}"
EndProject
Project("{FAE04EC0-301F-11D3-BF4B-00C04F79EFBC}") = "MinimumKivalasztas", "MinimumKivalasztas\MinimumKivalasztas.csproj", "{680BE37A-8C99-4251-BAA0-50D33E29DC63}"
EndProject
Project("{FAE04EC0-301F-11D3-BF4B-00C04F79EFBC}") = "MaximumKivalasztas", "MaximumKivalasztas\MaximumKivalasztas.csproj", "{6B04A4AC-1785-481E-A3ED-CC3AD0E85854}"
EndProject
Global
	GlobalSection(SolutionConfigurationPlatforms) = preSolution
		Debug|Any CPU = Debug|Any CPU
		Release|Any CPU = Release|Any CPU
	EndGlobalSection
	GlobalSection(ProjectConfigurationPlatforms) = postSolution
		{0D6D9BF8-918E-4B50-86D4-5A091E5B1FEF}.Debug|Any CPU.ActiveCfg = Debug|Any CPU
		{0D6D9BF8-918E-4B50-86D4-5A091E5B1FEF}.Debug|Any CPU.Build.0 = Debug|Any CPU
		{0D6D9BF8-918E-4B50-86D4-5A091E5B1FEF}.Release|Any CPU.ActiveCfg = Release|Any CPU
		{0D6D9BF8-918E-4B50-86D4-5A091E5B1FEF}.Release|Any CPU.Build.0 = Release|Any CPU
		{A146D7C5-F8A1-48E9-ABE0-B4210F164A4C}.Debug|Any CPU.ActiveCfg = Debug|Any CPU
		{A146D7C5-F8A1-48E9-ABE0-B4210F164A4C}.Debug|Any CPU.Build.0 = Debug|Any CPU
		{A146D7C5-F8A1-48E9-ABE0-B4210F164A4C}.Release|Any CPU.ActiveCfg = Release|Any CPU
		{A146D7C5-F8A1-48E9-ABE0-B4210F164A4C}.Release|Any CPU.Build.0 = Release|Any CPU
		{253CCD32-8634-49B2-9A69-CCFC21808C52}.Debug|Any CPU.ActiveCfg = Debug|Any CPU
		{253CCD32-8634-49B2-9A69-CCFC21808C52}.Debug|Any CPU.Build.0 = Debug|Any CPU
		{253CCD32-8634-49B2-9A69-CCFC21808C52}.Release|Any CPU.ActiveCfg = Release|Any CPU
		{253CCD32-8634-49B2-9A69-CCFC21808C52}.Release|Any CPU.Build.0 = Release|Any CPU
		{31B6D3F0-95EA-4F3A-BD61-EF43D58BC5BC}.Debug|Any CPU.ActiveCfg = Debug|Any CPU
		{31B6D3F0-95EA-4F3A-BD61-EF43D58BC5BC}.Debug|Any CPU.Build.0 = Debug|Any CPU
		{31B6D3F0-95EA-4F3A-BD61-EF43D58BC5BC}.Release|Any CPU.ActiveCfg = Release|Any CPU
		{31B6D3F0-95EA-4F3A-BD61-EF43D58BC5BC}.Release|Any CPU.Build.0 = Release|Any CPU
		{BE2CF652-D9EA-4196-A3D5-2D9B1E7F5C87}.Debug|Any CPU.ActiveCfg = Debug|Any CPU
		{BE2CF652-D9EA-4196-A3D5-2D9B1E7F5C87}.Debug|Any CPU.Build.0 = Debug|Any CPU
		{BE2CF652-D9EA-4196-A3D5-2D9B1E7F5C87}.Release|Any CPU.ActiveCfg = Release|Any CPU
		{BE2CF652-D9EA-4196-A3D5-2D9B1E7F5C87}.Release|Any CPU.Build.0 = Release|Any CPU
		{680BE37A-8C99-4251-BAA0-50D33E29DC63}.Debug|Any CPU.ActiveCfg = Debug|Any CPU
		{680BE37A-8C99-4251-BAA0-50D33E29DC63}.Debug|Any CPU.Build.0 = Debug|Any CPU
		{680BE37A-8C99-4251-BAA0-50D33E29DC63}.Release|Any CPU.ActiveCfg = Release|Any CPU
		{680BE37A-8C99-4251-BAA0-50D33E29DC63}.Release|Any CPU.Build.0 = Release|Any CPU
		{6B04A4AC-1785-481E-A3ED-CC3AD0E85854}.Debug|Any CPU.ActiveCfg = Debug|Any CPU
		{6B04A4AC-1785-481E-A3ED-CC3AD0E85854}.Debug|Any CPU.Build.0 = Debug|Any CPU
		{6B04A4AC-1785-481E-A3ED-CC3AD0E85854}.Release|Any CPU.ActiveCfg = Release|Any CPU
		{6B04A4AC-1785-481E-A3ED-CC3AD0E85854}.Release|Any CPU.Build.0 = Release|Any CPU
	EndGlobalSection
	GlobalSection(SolutionProperties) = preSolution
		HideSolutionNode = FALSE
	EndGlobalSection
	GlobalSection(ExtensibilityGlobals) = postSolution
		SolutionGuid = {B2A4ED61-EB38-4DB9-9183-1F13051EFDE9}
	EndGlobalSection
EndGlobal
